
Microsoft Visual Studio Solution File, Format Version 12.00
# Visual Studio Version 16
VisualStudioVersion = 16.0.30225.117
MinimumVisualStudioVersion = 10.0.40219.1
Project("{9A19103F-16F7-4668-BE54-9A1E7A4F7556}") = "chess-console", "xadrez-console\chess-console.csproj", "{297AA80C-3CC6-4432-AB1A-EB060D8A934E}"
EndProject
Global
	GlobalSection(SolutionConfigurationPlatforms) = preSolution
		Debug|Any CPU = Debug|Any CPU
		Release|Any CPU = Release|Any CPU
	EndGlobalSection
	GlobalSection(ProjectConfigurationPlatforms) = postSolution
		{297AA80C-3CC6-4432-AB1A-EB060D8A934E}.Debug|Any CPU.ActiveCfg = Debug|Any CPU
		{297AA80C-3CC6-4432-AB1A-EB060D8A934E}.Debug|Any CPU.Build.0 = Debug|Any CPU
		{297AA80C-3CC6-4432-AB1A-EB060D8A934E}.Release|Any CPU.ActiveCfg = Release|Any CPU
		{297AA80C-3CC6-4432-AB1A-EB060D8A934E}.Release|Any CPU.Build.0 = Release|Any CPU
	EndGlobalSection
	GlobalSection(SolutionProperties) = preSolution
		HideSolutionNode = FALSE
	EndGlobalSection
	GlobalSection(ExtensibilityGlobals) = postSolution
		SolutionGuid = {056337B3-36F0-46A5-A35C-714CB24D3375}
	EndGlobalSection
EndGlobal
